PODS:
  - EZSwiftExtensions (1.7)
  - Firebase/Analytics (3.8.0):
    - Firebase/Core
  - Firebase/Core (3.8.0):
    - FirebaseAnalytics (= 3.5.1)
    - FirebaseCore (= 3.4.4)
  - FirebaseAnalytics (3.5.1):
    - FirebaseCore (~> 3.4)
    - FirebaseInstanceID (~> 1.0)
    - GoogleInterchangeUtilities (~> 1.2)
    - GoogleSymbolUtilities (~> 1.1)
    - GoogleToolboxForMac/NSData+zlib (~> 2.1)
  - FirebaseCore (3.4.4):
    - GoogleInterchangeUtilities (~> 1.2)
    - GoogleToolboxForMac/NSData+zlib (~> 2.1)
  - FirebaseInstanceID (1.0.8)
  - GoogleInterchangeUtilities (1.2.2):
    - GoogleSymbolUtilities (~> 1.1)
  - GoogleSymbolUtilities (1.1.2)
  - GoogleToolboxForMac/Defines (2.1.0)
  - GoogleToolboxForMac/NSData+zlib (2.1.0):
    - GoogleToolboxForMac/Defines (= 2.1.0)
  - HLSpriteKit (1.4.0)

DEPENDENCIES:
  - EZSwiftExtensions
  - Firebase/Analytics
  - HLSpriteKit (from `https://github.com/hilogames/HLSpriteKit.git`)

EXTERNAL SOURCES:
  HLSpriteKit:
    :git: https://github.com/hilogames/HLSpriteKit.git

CHECKOUT OPTIONS:
  HLSpriteKit:
    :commit: f938a656987cfbe5c1cf942dacdbb971541b2d76
    :git: https://github.com/hilogames/HLSpriteKit.git

SPEC CHECKSUMS:
  EZSwiftExtensions: 4afef248066a036903d8496bf07bc355b22ce766
  Firebase: fdbecadb7b5cbef2774852d4fa659b9daf11f2af
  FirebaseAnalytics: 6e58fc9b397664369ac7617fb0ba93fab6ba7b5b
  FirebaseCore: d0ed25f27b6f9158eccc439f1be6f92e81207e28
  FirebaseInstanceID: ba1e640935235e5fac39dfa816fe7660e72e1a8a
  GoogleInterchangeUtilities: d5bc4d88d5b661ab72f9d70c58d02ca8c27ad1f7
  GoogleSymbolUtilities: 631ee17048aa5e9ab133470d768ea997a5ef9b96
  GoogleToolboxForMac: 2b2596cbb7186865e98cadf2b1e262d851c2b168
  HLSpriteKit: 228003674e4737d26e189780a3b9ddd2ac6a76b8

PODFILE CHECKSUM: aefb2c03f19461fa7b43d79c8b9200c4805f8c37

COCOAPODS: 1.1.0.beta.1
